
Microsoft Visual Studio Solution File, Format Version 12.00
# Visual Studio Version 17
VisualStudioVersion = 17.9.34622.214
MinimumVisualStudioVersion = 10.0.40219.1
Project("{FAE04EC0-301F-11D3-BF4B-00C04F79EFBC}") = "Filmy", "Filmy\Filmy.csproj", "{C849C815-3376-45F5-BD56-6A8D0C7C3858}"
EndProject
Global
	GlobalSection(SolutionConfigurationPlatforms) = preSolution
		Debug|Any CPU = Debug|Any CPU
		Release|Any CPU = Release|Any CPU
	EndGlobalSection
	GlobalSection(ProjectConfigurationPlatforms) = postSolution
		{C849C815-3376-45F5-BD56-6A8D0C7C3858}.Debug|Any CPU.ActiveCfg = Debug|Any CPU
		{C849C815-3376-45F5-BD56-6A8D0C7C3858}.Debug|Any CPU.Build.0 = Debug|Any CPU
		{C849C815-3376-45F5-BD56-6A8D0C7C3858}.Release|Any CPU.ActiveCfg = Release|Any CPU
		{C849C815-3376-45F5-BD56-6A8D0C7C3858}.Release|Any CPU.Build.0 = Release|Any CPU
	EndGlobalSection
	GlobalSection(SolutionProperties) = preSolution
		HideSolutionNode = FALSE
	EndGlobalSection
	GlobalSection(ExtensibilityGlobals) = postSolution
		SolutionGuid = {F12AF301-E52D-4313-8AD9-8EDEC73A15A6}
	EndGlobalSection
EndGlobal
